
Microsoft Visual Studio Solution File, Format Version 12.00
# Visual Studio Version 17
VisualStudioVersion = 17.5.33627.172
MinimumVisualStudioVersion = 10.0.40219.1
Project("{FAE04EC0-301F-11D3-BF4B-00C04F79EFBC}") = "ConsoleApp1", "ConsoleApp1\ConsoleApp1.csproj", "{22E38181-91DF-4755-9057-74076D298C0C}"
EndProject
Global
	GlobalSection(SolutionConfigurationPlatforms) = preSolution
		Debug|Any CPU = Debug|Any CPU
		Release|Any CPU = Release|Any CPU
	EndGlobalSection
	GlobalSection(ProjectConfigurationPlatforms) = postSolution
		{22E38181-91DF-4755-9057-74076D298C0C}.Debug|Any CPU.ActiveCfg = Debug|Any CPU
		{22E38181-91DF-4755-9057-74076D298C0C}.Debug|Any CPU.Build.0 = Debug|Any CPU
		{22E38181-91DF-4755-9057-74076D298C0C}.Release|Any CPU.ActiveCfg = Release|Any CPU
		{22E38181-91DF-4755-9057-74076D298C0C}.Release|Any CPU.Build.0 = Release|Any CPU
	EndGlobalSection
	GlobalSection(SolutionProperties) = preSolution
		HideSolutionNode = FALSE
	EndGlobalSection
	GlobalSection(ExtensibilityGlobals) = postSolution
		SolutionGuid = {D6CFE8D5-44D1-41CF-B9E3-332F5B1D6329}
	EndGlobalSection
EndGlobal
